
Microsoft Visual Studio Solution File, Format Version 12.00
# Visual Studio 2013
VisualStudioVersion = 12.0.21005.1
MinimumVisualStudioVersion = 10.0.40219.1
Project("{FAE04EC0-301F-11D3-BF4B-00C04F79EFBC}") = "AT.GildedRose.Business", "AT.GildedRose.Business.csproj", "{FCD70402-780D-46D9-96EE-AB54357369E3}"
EndProject
Project("{FAE04EC0-301F-11D3-BF4B-00C04F79EFBC}") = "AT.GildedRose.Business.Tests", "..\AT.GildedRose.Business.Tests\AT.GildedRose.Business.Tests.csproj", "{540991DB-9C96-43E8-A23B-58E817B9343F}"
EndProject
Project("{FAE04EC0-301F-11D3-BF4B-00C04F79EFBC}") = "AT.GildedRose.ClientAPI", "..\AT.GildedRose.ClientAPI\AT.GildedRose.ClientAPI.csproj", "{9689AB5D-DB0A-4898-B64C-8A8200A07B61}"
EndProject
Global
	GlobalSection(SolutionConfigurationPlatforms) = preSolution
		Debug|Any CPU = Debug|Any CPU
		Release|Any CPU = Release|Any CPU
	EndGlobalSection
	GlobalSection(ProjectConfigurationPlatforms) = postSolution
		{FCD70402-780D-46D9-96EE-AB54357369E3}.Debug|Any CPU.ActiveCfg = Debug|Any CPU
		{FCD70402-780D-46D9-96EE-AB54357369E3}.Debug|Any CPU.Build.0 = Debug|Any CPU
		{FCD70402-780D-46D9-96EE-AB54357369E3}.Release|Any CPU.ActiveCfg = Release|Any CPU
		{FCD70402-780D-46D9-96EE-AB54357369E3}.Release|Any CPU.Build.0 = Release|Any CPU
		{540991DB-9C96-43E8-A23B-58E817B9343F}.Debug|Any CPU.ActiveCfg = Debug|Any CPU
		{540991DB-9C96-43E8-A23B-58E817B9343F}.Debug|Any CPU.Build.0 = Debug|Any CPU
		{540991DB-9C96-43E8-A23B-58E817B9343F}.Release|Any CPU.ActiveCfg = Release|Any CPU
		{540991DB-9C96-43E8-A23B-58E817B9343F}.Release|Any CPU.Build.0 = Release|Any CPU
		{9689AB5D-DB0A-4898-B64C-8A8200A07B61}.Debug|Any CPU.ActiveCfg = Debug|Any CPU
		{9689AB5D-DB0A-4898-B64C-8A8200A07B61}.Debug|Any CPU.Build.0 = Debug|Any CPU
		{9689AB5D-DB0A-4898-B64C-8A8200A07B61}.Release|Any CPU.ActiveCfg = Release|Any CPU
		{9689AB5D-DB0A-4898-B64C-8A8200A07B61}.Release|Any CPU.Build.0 = Release|Any CPU
	EndGlobalSection
	GlobalSection(SolutionProperties) = preSolution
		HideSolutionNode = FALSE
	EndGlobalSection
EndGlobal
